// !$*UTF8*$!
{
	archiveVersion = 1;
	classes = {
	};
	objectVersion = 50;
	objects = {

/* Begin PBXBuildFile section */
		A71495E522F8819D00B4450F /* AppDelegate.swift in Sources */ = {isa = PBXBuildFile; fileRef = A71495E422F8819D00B4450F /* AppDelegate.swift */; };
		A71495E722F8819D00B4450F /* OtherViewController.swift in Sources */ = {isa = PBXBuildFile; fileRef = A71495E622F8819D00B4450F /* OtherViewController.swift */; };
		A71495EA22F8819D00B4450F /* Main.storyboard in Resources */ = {isa = PBXBuildFile; fileRef = A71495E822F8819D00B4450F /* Main.storyboard */; };
		A71495EC22F8819E00B4450F /* Assets.xcassets in Resources */ = {isa = PBXBuildFile; fileRef = A71495EB22F8819E00B4450F /* Assets.xcassets */; };
		A71495EF22F8819E00B4450F /* LaunchScreen.storyboard in Resources */ = {isa = PBXBuildFile; fileRef = A71495ED22F8819E00B4450F /* LaunchScreen.storyboard */; };
		A71495FA22F8819E00B4450F /* Sync_MoneyTests.swift in Sources */ = {isa = PBXBuildFile; fileRef = A71495F922F8819E00B4450F /* Sync_MoneyTests.swift */; };
		A714960522F8819E00B4450F /* Sync_MoneyUITests.swift in Sources */ = {isa = PBXBuildFile; fileRef = A714960422F8819E00B4450F /* Sync_MoneyUITests.swift */; };
		A714961322F8828A00B4450F /* README.md in Resources */ = {isa = PBXBuildFile; fileRef = A714961222F8828A00B4450F /* README.md */; };
		A714961522F8A0D700B4450F /* AccountsViewController.swift in Sources */ = {isa = PBXBuildFile; fileRef = A714961422F8A0D700B4450F /* AccountsViewController.swift */; };
		A714961722F8AB4900B4450F /* MoneyCell.xib in Resources */ = {isa = PBXBuildFile; fileRef = A714961622F8AB4900B4450F /* MoneyCell.xib */; };
		A714961B22F8ABEB00B4450F /* MoneyCell.swift in Sources */ = {isa = PBXBuildFile; fileRef = A714961A22F8ABEB00B4450F /* MoneyCell.swift */; };
		A714961F22F8AEC700B4450F /* AccountsCell.swift in Sources */ = {isa = PBXBuildFile; fileRef = A714961E22F8AEC700B4450F /* AccountsCell.swift */; };
		A714962122F8AF1800B4450F /* AccountsCell.xib in Resources */ = {isa = PBXBuildFile; fileRef = A714962022F8AF1800B4450F /* AccountsCell.xib */; };
		A714962322F8DE0400B4450F /* AccountCollectionViewCell.swift in Sources */ = {isa = PBXBuildFile; fileRef = A714962222F8DE0400B4450F /* AccountCollectionViewCell.swift */; };
		A714962522F8DE2A00B4450F /* AccountCollectionViewCell.xib in Resources */ = {isa = PBXBuildFile; fileRef = A714962422F8DE2A00B4450F /* AccountCollectionViewCell.xib */; };
		A718376022F9ED09005069A2 /* Account.swift in Sources */ = {isa = PBXBuildFile; fileRef = A718375F22F9ED09005069A2 /* Account.swift */; };
		A71D6AA522FD6DFC0094582C /* UIView+Extension.swift in Sources */ = {isa = PBXBuildFile; fileRef = A71D6AA422FD6DFC0094582C /* UIView+Extension.swift */; };
		A71D6AA922FD8B320094582C /* HelveticaNeueBold.ttf in Resources */ = {isa = PBXBuildFile; fileRef = A71D6AA822FD8B320094582C /* HelveticaNeueBold.ttf */; };
		A71D6AAB22FD90160094582C /* SF-Pro-Display-Semibold.otf in Resources */ = {isa = PBXBuildFile; fileRef = A71D6AAA22FD90160094582C /* SF-Pro-Display-Semibold.otf */; };
		A71D6AAD22FD91640094582C /* SF-Pro-Display-Bold.otf in Resources */ = {isa = PBXBuildFile; fileRef = A71D6AAC22FD91640094582C /* SF-Pro-Display-Bold.otf */; };
		A71D6AB122FD92B10094582C /* SF-Pro-Text-Semibold.otf in Resources */ = {isa = PBXBuildFile; fileRef = A71D6AB022FD92B10094582C /* SF-Pro-Text-Semibold.otf */; };
		A71D6AB322FD93700094582C /* HelveticaNeueMedium.ttf in Resources */ = {isa = PBXBuildFile; fileRef = A71D6AB222FD93700094582C /* HelveticaNeueMedium.ttf */; };
		A71D6AB522FD973E0094582C /* SF-Pro-Text-Bold.otf in Resources */ = {isa = PBXBuildFile; fileRef = A71D6AB422FD973D0094582C /* SF-Pro-Text-Bold.otf */; };
		A71D6AB722FD97B60094582C /* SF-Pro-Text-Medium.otf in Resources */ = {isa = PBXBuildFile; fileRef = A71D6AB622FD97B60094582C /* SF-Pro-Text-Medium.otf */; };
		A71D6ABA22FDAE160094582C /* SyncAccounts.json in Resources */ = {isa = PBXBuildFile; fileRef = A71D6AB922FDAE160094582C /* SyncAccounts.json */; };
		A71D6ABC22FDAE2B0094582C /* BankAccounts.json in Resources */ = {isa = PBXBuildFile; fileRef = A71D6ABB22FDAE2B0094582C /* BankAccounts.json */; };
		A71D6ABE22FDC9430094582C /* APIRouter.swift in Sources */ = {isa = PBXBuildFile; fileRef = A71D6ABD22FDC9430094582C /* APIRouter.swift */; };
/* End PBXBuildFile section */

/* Begin PBXContainerItemProxy section */
		A71495F622F8819E00B4450F /* PBXContainerItemProxy */ = {
			isa = PBXContainerItemProxy;
			containerPortal = A71495D922F8819D00B4450F /* Project object */;
			proxyType = 1;
			remoteGlobalIDString = A71495E022F8819D00B4450F;
			remoteInfo = Sync.Money;
		};
		A714960122F8819E00B4450F /* PBXContainerItemProxy */ = {
			isa = PBXContainerItemProxy;
			containerPortal = A71495D922F8819D00B4450F /* Project object */;
			proxyType = 1;
			remoteGlobalIDString = A71495E022F8819D00B4450F;
			remoteInfo = Sync.Money;
		};
/* End PBXContainerItemProxy section */

/* Begin PBXFileReference section */
		A71495E122F8819D00B4450F /* Sync.Money.app */ = {isa = PBXFileReference; explicitFileType = wrapper.application; includeInIndex = 0; path = Sync.Money.app; sourceTree = BUILT_PRODUCTS_DIR; };
		A71495E422F8819D00B4450F /* AppDelegate.swift */ = {isa = PBXFileReference; lastKnownFileType = sourcecode.swift; path = AppDelegate.swift; sourceTree = "<group>"; };
		A71495E622F8819D00B4450F /* OtherViewController.swift */ = {isa = PBXFileReference; lastKnownFileType = sourcecode.swift; path = OtherViewController.swift; sourceTree = "<group>"; };
		A71495E922F8819D00B4450F /* Base */ = {isa = PBXFileReference; lastKnownFileType = file.storyboard; name = Base; path = Base.lproj/Main.storyboard; sourceTree = "<group>"; };
		A71495EB22F8819E00B4450F /* Assets.xcassets */ = {isa = PBXFileReference; lastKnownFileType = folder.assetcatalog; path = Assets.xcassets; sourceTree = "<group>"; };
		A71495EE22F8819E00B4450F /* Base */ = {isa = PBXFileReference; lastKnownFileType = file.storyboard; name = Base; path = Base.lproj/LaunchScreen.storyboard; sourceTree = "<group>"; };
		A71495F022F8819E00B4450F /* Info.plist */ = {isa = PBXFileReference; lastKnownFileType = text.plist.xml; path = Info.plist; sourceTree = "<group>"; };
		A71495F522F8819E00B4450F /* Sync.MoneyTests.xctest */ = {isa = PBXFileReference; explicitFileType = wrapper.cfbundle; includeInIndex = 0; path = Sync.MoneyTests.xctest; sourceTree = BUILT_PRODUCTS_DIR; };
		A71495F922F8819E00B4450F /* Sync_MoneyTests.swift */ = {isa = PBXFileReference; lastKnownFileType = sourcecode.swift; path = Sync_MoneyTests.swift; sourceTree = "<group>"; };
		A71495FB22F8819E00B4450F /* Info.plist */ = {isa = PBXFileReference; lastKnownFileType = text.plist.xml; path = Info.plist; sourceTree = "<group>"; };
		A714960022F8819E00B4450F /* Sync.MoneyUITests.xctest */ = {isa = PBXFileReference; explicitFileType = wrapper.cfbundle; includeInIndex = 0; path = Sync.MoneyUITests.xctest; sourceTree = BUILT_PRODUCTS_DIR; };
		A714960422F8819E00B4450F /* Sync_MoneyUITests.swift */ = {isa = PBXFileReference; lastKnownFileType = sourcecode.swift; path = Sync_MoneyUITests.swift; sourceTree = "<group>"; };
		A714960622F8819E00B4450F /* Info.plist */ = {isa = PBXFileReference; lastKnownFileType = text.plist.xml; path = Info.plist; sourceTree = "<group>"; };
		A714961222F8828A00B4450F /* README.md */ = {isa = PBXFileReference; lastKnownFileType = net.daringfireball.markdown; path = README.md; sourceTree = "<group>"; };
		A714961422F8A0D700B4450F /* AccountsViewController.swift */ = {isa = PBXFileReference; lastKnownFileType = sourcecode.swift; path = AccountsViewController.swift; sourceTree = "<group>"; };
		A714961622F8AB4900B4450F /* MoneyCell.xib */ = {isa = PBXFileReference; lastKnownFileType = file.xib; path = MoneyCell.xib; sourceTree = "<group>"; };
		A714961A22F8ABEB00B4450F /* MoneyCell.swift */ = {isa = PBXFileReference; lastKnownFileType = sourcecode.swift; path = MoneyCell.swift; sourceTree = "<group>"; };
		A714961E22F8AEC700B4450F /* AccountsCell.swift */ = {isa = PBXFileReference; lastKnownFileType = sourcecode.swift; path = AccountsCell.swift; sourceTree = "<group>"; };
		A714962022F8AF1800B4450F /* AccountsCell.xib */ = {isa = PBXFileReference; lastKnownFileType = file.xib; path = AccountsCell.xib; sourceTree = "<group>"; };
		A714962222F8DE0400B4450F /* AccountCollectionViewCell.swift */ = {isa = PBXFileReference; lastKnownFileType = sourcecode.swift; path = AccountCollectionViewCell.swift; sourceTree = "<group>"; };
		A714962422F8DE2A00B4450F /* AccountCollectionViewCell.xib */ = {isa = PBXFileReference; lastKnownFileType = file.xib; path = AccountCollectionViewCell.xib; sourceTree = "<group>"; };
		A718375F22F9ED09005069A2 /* Account.swift */ = {isa = PBXFileReference; lastKnownFileType = sourcecode.swift; path = Account.swift; sourceTree = "<group>"; };
		A71D6AA422FD6DFC0094582C /* UIView+Extension.swift */ = {isa = PBXFileReference; lastKnownFileType = sourcecode.swift; path = "UIView+Extension.swift"; sourceTree = "<group>"; };
		A71D6AA822FD8B320094582C /* HelveticaNeueBold.ttf */ = {isa = PBXFileReference; lastKnownFileType = file; name = HelveticaNeueBold.ttf; path = "../../../../../../Downloads/Sync.Money : iOS Challenge Task : v. 3/Fonts/HelveticaNeueBold.ttf"; sourceTree = "<group>"; };
		A71D6AAA22FD90160094582C /* SF-Pro-Display-Semibold.otf */ = {isa = PBXFileReference; lastKnownFileType = file; name = "SF-Pro-Display-Semibold.otf"; path = "../../../../../../Downloads/Sync.Money : iOS Challenge Task : v. 3/Fonts/SF-Pro-Display-Semibold.otf"; sourceTree = "<group>"; };
		A71D6AAC22FD91640094582C /* SF-Pro-Display-Bold.otf */ = {isa = PBXFileReference; lastKnownFileType = file; name = "SF-Pro-Display-Bold.otf"; path = "../../../../../../Downloads/Sync.Money : iOS Challenge Task : v. 3/Fonts/SF-Pro-Display-Bold.otf"; sourceTree = "<group>"; };
		A71D6AB022FD92B10094582C /* SF-Pro-Text-Semibold.otf */ = {isa = PBXFileReference; lastKnownFileType = file; name = "SF-Pro-Text-Semibold.otf"; path = "../../../../../../Downloads/Sync.Money : iOS Challenge Task : v. 3/Fonts/SF-Pro-Text-Semibold.otf"; sourceTree = "<group>"; };
		A71D6AB222FD93700094582C /* HelveticaNeueMedium.ttf */ = {isa = PBXFileReference; lastKnownFileType = file; name = HelveticaNeueMedium.ttf; path = "../../../../../../Downloads/Sync.Money : iOS Challenge Task : v. 3/Fonts/HelveticaNeueMedium.ttf"; sourceTree = "<group>"; };
		A71D6AB422FD973D0094582C /* SF-Pro-Text-Bold.otf */ = {isa = PBXFileReference; lastKnownFileType = file; name = "SF-Pro-Text-Bold.otf"; path = "../../../../../../Downloads/Sync.Money : iOS Challenge Task : v. 3/Fonts/SF-Pro-Text-Bold.otf"; sourceTree = "<group>"; };
		A71D6AB622FD97B60094582C /* SF-Pro-Text-Medium.otf */ = {isa = PBXFileReference; lastKnownFileType = file; name = "SF-Pro-Text-Medium.otf"; path = "../../../../../../Downloads/Sync.Money : iOS Challenge Task : v. 3/Fonts/SF-Pro-Text-Medium.otf"; sourceTree = "<group>"; };
		A71D6AB922FDAE160094582C /* SyncAccounts.json */ = {isa = PBXFileReference; lastKnownFileType = text.json; path = SyncAccounts.json; sourceTree = "<group>"; };
		A71D6ABB22FDAE2B0094582C /* BankAccounts.json */ = {isa = PBXFileReference; lastKnownFileType = text.json; path = BankAccounts.json; sourceTree = "<group>"; };
		A71D6ABD22FDC9430094582C /* APIRouter.swift */ = {isa = PBXFileReference; lastKnownFileType = sourcecode.swift; path = APIRouter.swift; sourceTree = "<group>"; };
/* End PBXFileReference section */

/* Begin PBXFrameworksBuildPhase section */
		A71495DE22F8819D00B4450F /* Frameworks */ = {
			isa = PBXFrameworksBuildPhase;
			buildActionMask = 2147483647;
			files = (
			);
			runOnlyForDeploymentPostprocessing = 0;
		};
		A71495F222F8819E00B4450F /* Frameworks */ = {
			isa = PBXFrameworksBuildPhase;
			buildActionMask = 2147483647;
			files = (
			);
			runOnlyForDeploymentPostprocessing = 0;
		};
		A71495FD22F8819E00B4450F /* Frameworks */ = {
			isa = PBXFrameworksBuildPhase;
			buildActionMask = 2147483647;
			files = (
			);
			runOnlyForDeploymentPostprocessing = 0;
		};
/* End PBXFrameworksBuildPhase section */

/* Begin PBXGroup section */
		A71495D822F8819D00B4450F = {
			isa = PBXGroup;
			children = (
				A71495E322F8819D00B4450F /* Sync.Money */,
				A71495F822F8819E00B4450F /* Sync.MoneyTests */,
				A714960322F8819E00B4450F /* Sync.MoneyUITests */,
				A71495E222F8819D00B4450F /* Products */,
				A714961222F8828A00B4450F /* README.md */,
			);
			sourceTree = "<group>";
		};
		A71495E222F8819D00B4450F /* Products */ = {
			isa = PBXGroup;
			children = (
				A71495E122F8819D00B4450F /* Sync.Money.app */,
				A71495F522F8819E00B4450F /* Sync.MoneyTests.xctest */,
				A714960022F8819E00B4450F /* Sync.MoneyUITests.xctest */,
			);
			name = Products;
			sourceTree = "<group>";
		};
		A71495E322F8819D00B4450F /* Sync.Money */ = {
			isa = PBXGroup;
			children = (
				A71495E422F8819D00B4450F /* AppDelegate.swift */,
				A71D6ABD22FDC9430094582C /* APIRouter.swift */,
				A71495ED22F8819E00B4450F /* LaunchScreen.storyboard */,
				A71495F022F8819E00B4450F /* Info.plist */,
				A71D6AA322FD6DDC0094582C /* Extensions */,
				A718376122F9ED0F005069A2 /* Models */,
				A71D6AA622FD6E2B0094582C /* UserInterface */,
				A71D6AA722FD8B000094582C /* Fonts */,
				A71D6AB822FDACEA0094582C /* JSON */,
				A71495EB22F8819E00B4450F /* Assets.xcassets */,
			);
			path = Sync.Money;
			sourceTree = "<group>";
		};
		A71495F822F8819E00B4450F /* Sync.MoneyTests */ = {
			isa = PBXGroup;
			children = (
				A71495F922F8819E00B4450F /* Sync_MoneyTests.swift */,
				A71495FB22F8819E00B4450F /* Info.plist */,
			);
			path = Sync.MoneyTests;
			sourceTree = "<group>";
		};
		A714960322F8819E00B4450F /* Sync.MoneyUITests */ = {
			isa = PBXGroup;
			children = (
				A714960422F8819E00B4450F /* Sync_MoneyUITests.swift */,
				A714960622F8819E00B4450F /* Info.plist */,
			);
			path = Sync.MoneyUITests;
			sourceTree = "<group>";
		};
		A714961822F8AB8300B4450F /* Scenes */ = {
			isa = PBXGroup;
			children = (
				A71495E822F8819D00B4450F /* Main.storyboard */,
				A714961422F8A0D700B4450F /* AccountsViewController.swift */,
				A71495E622F8819D00B4450F /* OtherViewController.swift */,
			);
			path = Scenes;
			sourceTree = "<group>";
		};
		A714961922F8ABAE00B4450F /* Components */ = {
			isa = PBXGroup;
			children = (
				A714961C22F8AE9600B4450F /* MoneyCell */,
				A714961D22F8AEA900B4450F /* AccountsCell */,
			);
			path = Components;
			sourceTree = "<group>";
		};
		A714961C22F8AE9600B4450F /* MoneyCell */ = {
			isa = PBXGroup;
			children = (
				A714961622F8AB4900B4450F /* MoneyCell.xib */,
				A714961A22F8ABEB00B4450F /* MoneyCell.swift */,
			);
			path = MoneyCell;
			sourceTree = "<group>";
		};
		A714961D22F8AEA900B4450F /* AccountsCell */ = {
			isa = PBXGroup;
			children = (
				A714962022F8AF1800B4450F /* AccountsCell.xib */,
				A714961E22F8AEC700B4450F /* AccountsCell.swift */,
				A714962422F8DE2A00B4450F /* AccountCollectionViewCell.xib */,
				A714962222F8DE0400B4450F /* AccountCollectionViewCell.swift */,
			);
			path = AccountsCell;
			sourceTree = "<group>";
		};
		A718376122F9ED0F005069A2 /* Models */ = {
			isa = PBXGroup;
			children = (
				A718375F22F9ED09005069A2 /* Account.swift */,
			);
			path = Models;
			sourceTree = "<group>";
		};
		A71D6AA322FD6DDC0094582C /* Extensions */ = {
			isa = PBXGroup;
			children = (
				A71D6AA422FD6DFC0094582C /* UIView+Extension.swift */,
			);
			path = Extensions;
			sourceTree = "<group>";
		};
		A71D6AA622FD6E2B0094582C /* UserInterface */ = {
			isa = PBXGroup;
			children = (
				A714961922F8ABAE00B4450F /* Components */,
				A714961822F8AB8300B4450F /* Scenes */,
			);
			path = UserInterface;
			sourceTree = "<group>";
		};
		A71D6AA722FD8B000094582C /* Fonts */ = {
			isa = PBXGroup;
			children = (
				A71D6AA822FD8B320094582C /* HelveticaNeueBold.ttf */,
				A71D6AB222FD93700094582C /* HelveticaNeueMedium.ttf */,
				A71D6AAA22FD90160094582C /* SF-Pro-Display-Semibold.otf */,
				A71D6AAC22FD91640094582C /* SF-Pro-Display-Bold.otf */,
				A71D6AB622FD97B60094582C /* SF-Pro-Text-Medium.otf */,
				A71D6AB022FD92B10094582C /* SF-Pro-Text-Semibold.otf */,
				A71D6AB422FD973D0094582C /* SF-Pro-Text-Bold.otf */,
			);
			path = Fonts;
			sourceTree = "<group>";
		};
		A71D6AB822FDACEA0094582C /* JSON */ = {
			isa = PBXGroup;
			children = (
				A71D6AB922FDAE160094582C /* SyncAccounts.json */,
				A71D6ABB22FDAE2B0094582C /* BankAccounts.json */,
			);
			path = JSON;
			sourceTree = "<group>";
		};
/* End PBXGroup section */

/* Begin PBXNativeTarget section */
		A71495E022F8819D00B4450F /* Sync.Money */ = {
			isa = PBXNativeTarget;
			buildConfigurationList = A714960922F8819E00B4450F /* Build configuration list for PBXNativeTarget "Sync.Money" */;
			buildPhases = (
				A71495DD22F8819D00B4450F /* Sources */,
				A71495DE22F8819D00B4450F /* Frameworks */,
				A71495DF22F8819D00B4450F /* Resources */,
			);
			buildRules = (
			);
			dependencies = (
			);
			name = Sync.Money;
			productName = Sync.Money;
			productReference = A71495E122F8819D00B4450F /* Sync.Money.app */;
			productType = "com.apple.product-type.application";
		};
		A71495F422F8819E00B4450F /* Sync.MoneyTests */ = {
			isa = PBXNativeTarget;
			buildConfigurationList = A714960C22F8819E00B4450F /* Build configuration list for PBXNativeTarget "Sync.MoneyTests" */;
			buildPhases = (
				A71495F122F8819E00B4450F /* Sources */,
				A71495F222F8819E00B4450F /* Frameworks */,
				A71495F322F8819E00B4450F /* Resources */,
			);
			buildRules = (
			);
			dependencies = (
				A71495F722F8819E00B4450F /* PBXTargetDependency */,
			);
			name = Sync.MoneyTests;
			productName = Sync.MoneyTests;
			productReference = A71495F522F8819E00B4450F /* Sync.MoneyTests.xctest */;
			productType = "com.apple.product-type.bundle.unit-test";
		};
		A71495FF22F8819E00B4450F /* Sync.MoneyUITests */ = {
			isa = PBXNativeTarget;
			buildConfigurationList = A714960F22F8819E00B4450F /* Build configuration list for PBXNativeTarget "Sync.MoneyUITests" */;
			buildPhases = (
				A71495FC22F8819E00B4450F /* Sources */,
				A71495FD22F8819E00B4450F /* Frameworks */,
				A71495FE22F8819E00B4450F /* Resources */,
			);
			buildRules = (
			);
			dependencies = (
				A714960222F8819E00B4450F /* PBXTargetDependency */,
			);
			name = Sync.MoneyUITests;
			productName = Sync.MoneyUITests;
			productReference = A714960022F8819E00B4450F /* Sync.MoneyUITests.xctest */;
			productType = "com.apple.product-type.bundle.ui-testing";
		};
/* End PBXNativeTarget section */

/* Begin PBXProject section */
		A71495D922F8819D00B4450F /* Project object */ = {
			isa = PBXProject;
			attributes = {
				LastSwiftUpdateCheck = 1020;
				LastUpgradeCheck = 1020;
				ORGANIZATIONNAME = "Pablo Ortiz Rodriguez";
				TargetAttributes = {
					A71495E022F8819D00B4450F = {
						CreatedOnToolsVersion = 10.2.1;
					};
					A71495F422F8819E00B4450F = {
						CreatedOnToolsVersion = 10.2.1;
						TestTargetID = A71495E022F8819D00B4450F;
					};
					A71495FF22F8819E00B4450F = {
						CreatedOnToolsVersion = 10.2.1;
						TestTargetID = A71495E022F8819D00B4450F;
					};
				};
			};
			buildConfigurationList = A71495DC22F8819D00B4450F /* Build configuration list for PBXProject "Sync.Money" */;
			compatibilityVersion = "Xcode 9.3";
			developmentRegion = en;
			hasScannedForEncodings = 0;
			knownRegions = (
				en,
				Base,
			);
			mainGroup = A71495D822F8819D00B4450F;
			productRefGroup = A71495E222F8819D00B4450F /* Products */;
			projectDirPath = "";
			projectRoot = "";
			targets = (
				A71495E022F8819D00B4450F /* Sync.Money */,
				A71495F422F8819E00B4450F /* Sync.MoneyTests */,
				A71495FF22F8819E00B4450F /* Sync.MoneyUITests */,
			);
		};
/* End PBXProject section */

/* Begin PBXResourcesBuildPhase section */
		A71495DF22F8819D00B4450F /* Resources */ = {
			isa = PBXResourcesBuildPhase;
			buildActionMask = 2147483647;
			files = (
				A71495EF22F8819E00B4450F /* LaunchScreen.storyboard in Resources */,
				A714962122F8AF1800B4450F /* AccountsCell.xib in Resources */,
				A714961722F8AB4900B4450F /* MoneyCell.xib in Resources */,
				A71495EC22F8819E00B4450F /* Assets.xcassets in Resources */,
				A71D6AA922FD8B320094582C /* HelveticaNeueBold.ttf in Resources */,
				A71D6ABC22FDAE2B0094582C /* BankAccounts.json in Resources */,
				A714962522F8DE2A00B4450F /* AccountCollectionViewCell.xib in Resources */,
				A71D6AB322FD93700094582C /* HelveticaNeueMedium.ttf in Resources */,
				A71D6AB522FD973E0094582C /* SF-Pro-Text-Bold.otf in Resources */,
				A71D6AAD22FD91640094582C /* SF-Pro-Display-Bold.otf in Resources */,
				A71D6AAB22FD90160094582C /* SF-Pro-Display-Semibold.otf in Resources */,
				A71D6AB122FD92B10094582C /* SF-Pro-Text-Semibold.otf in Resources */,
				A714961322F8828A00B4450F /* README.md in Resources */,
				A71D6AB722FD97B60094582C /* SF-Pro-Text-Medium.otf in Resources */,
				A71495EA22F8819D00B4450F /* Main.storyboard in Resources */,
				A71D6ABA22FDAE160094582C /* SyncAccounts.json in Resources */,
			);
			runOnlyForDeploymentPostprocessing = 0;
		};
		A71495F322F8819E00B4450F /* Resources */ = {
			isa = PBXResourcesBuildPhase;
			buildActionMask = 2147483647;
			files = (
			);
			runOnlyForDeploymentPostprocessing = 0;
		};
		A71495FE22F8819E00B4450F /* Resources */ = {
			isa = PBXResourcesBuildPhase;
			buildActionMask = 2147483647;
			files = (
			);
			runOnlyForDeploymentPostprocessing = 0;
		};
/* End PBXResourcesBuildPhase section */

/* Begin PBXSourcesBuildPhase section */
		A71495DD22F8819D00B4450F /* Sources */ = {
			isa = PBXSourcesBuildPhase;
			buildActionMask = 2147483647;
			files = (
				A71495E722F8819D00B4450F /* OtherViewController.swift in Sources */,
				A71D6ABE22FDC9430094582C /* APIRouter.swift in Sources */,
				A714961522F8A0D700B4450F /* AccountsViewController.swift in Sources */,
				A714962322F8DE0400B4450F /* AccountCollectionViewCell.swift in Sources */,
				A714961B22F8ABEB00B4450F /* MoneyCell.swift in Sources */,
				A71D6AA522FD6DFC0094582C /* UIView+Extension.swift in Sources */,
				A71495E522F8819D00B4450F /* AppDelegate.swift in Sources */,
				A714961F22F8AEC700B4450F /* AccountsCell.swift in Sources */,
				A718376022F9ED09005069A2 /* Account.swift in Sources */,
			);
			runOnlyForDeploymentPostprocessing = 0;
		};
		A71495F122F8819E00B4450F /* Sources */ = {
			isa = PBXSourcesBuildPhase;
			buildActionMask = 2147483647;
			files = (
				A71495FA22F8819E00B4450F /* Sync_MoneyTests.swift in Sources */,
			);
			runOnlyForDeploymentPostprocessing = 0;
		};
		A71495FC22F8819E00B4450F /* Sources */ = {
			isa = PBXSourcesBuildPhase;
			buildActionMask = 2147483647;
			files = (
				A714960522F8819E00B4450F /* Sync_MoneyUITests.swift in Sources */,
			);
			runOnlyForDeploymentPostprocessing = 0;
		};
/* End PBXSourcesBuildPhase section */

/* Begin PBXTargetDependency section */
		A71495F722F8819E00B4450F /* PBXTargetDependency */ = {
			isa = PBXTargetDependency;
			target = A71495E022F8819D00B4450F /* Sync.Money */;
			targetProxy = A71495F622F8819E00B4450F /* PBXContainerItemProxy */;
		};
		A714960222F8819E00B4450F /* PBXTargetDependency */ = {
			isa = PBXTargetDependency;
			target = A71495E022F8819D00B4450F /* Sync.Money */;
			targetProxy = A714960122F8819E00B4450F /* PBXContainerItemProxy */;
		};
/* End PBXTargetDependency section */

/* Begin PBXVariantGroup section */
		A71495E822F8819D00B4450F /* Main.storyboard */ = {
			isa = PBXVariantGroup;
			children = (
				A71495E922F8819D00B4450F /* Base */,
			);
			name = Main.storyboard;
			sourceTree = "<group>";
		};
		A71495ED22F8819E00B4450F /* LaunchScreen.storyboard */ = {
			isa = PBXVariantGroup;
			children = (
				A71495EE22F8819E00B4450F /* Base */,
			);
			name = LaunchScreen.storyboard;
			sourceTree = "<group>";
		};
/* End PBXVariantGroup section */

/* Begin XCBuildConfiguration section */
		A714960722F8819E00B4450F /* Debug */ = {
			isa = XCBuildConfiguration;
			buildSettings = {
				ALWAYS_SEARCH_USER_PATHS = NO;
				CLANG_ANALYZER_NONNULL = YES;
				CLANG_ANALYZER_NUMBER_OBJECT_CONVERSION = YES_AGGRESSIVE;
				CLANG_CXX_LANGUAGE_STANDARD = "gnu++14";
				CLANG_CXX_LIBRARY = "libc++";
				CLANG_ENABLE_MODULES = YES;
				CLANG_ENABLE_OBJC_ARC = YES;
				CLANG_ENABLE_OBJC_WEAK = YES;
				CLANG_WARN_BLOCK_CAPTURE_AUTORELEASING = YES;
				CLANG_WARN_BOOL_CONVERSION = YES;
				CLANG_WARN_COMMA = YES;
				CLANG_WARN_CONSTANT_CONVERSION = YES;
				CLANG_WARN_DEPRECATED_OBJC_IMPLEMENTATIONS = YES;
				CLANG_WARN_DIRECT_OBJC_ISA_USAGE = YES_ERROR;
				CLANG_WARN_DOCUMENTATION_COMMENTS = YES;
				CLANG_WARN_EMPTY_BODY = YES;
				CLANG_WARN_ENUM_CONVERSION = YES;
				CLANG_WARN_INFINITE_RECURSION = YES;
				CLANG_WARN_INT_CONVERSION = YES;
				CLANG_WARN_NON_LITERAL_NULL_CONVERSION = YES;
				CLANG_WARN_OBJC_IMPLICIT_RETAIN_SELF = YES;
				CLANG_WARN_OBJC_LITERAL_CONVERSION = YES;
				CLANG_WARN_OBJC_ROOT_CLASS = YES_ERROR;
				CLANG_WARN_RANGE_LOOP_ANALYSIS = YES;
				CLANG_WARN_STRICT_PROTOTYPES = YES;
				CLANG_WARN_SUSPICIOUS_MOVE = YES;
				CLANG_WARN_UNGUARDED_AVAILABILITY = YES_AGGRESSIVE;
				CLANG_WARN_UNREACHABLE_CODE = YES;
				CLANG_WARN__DUPLICATE_METHOD_MATCH = YES;
				CODE_SIGN_IDENTITY = "iPhone Developer";
				COPY_PHASE_STRIP = NO;
				DEBUG_INFORMATION_FORMAT = dwarf;
				ENABLE_STRICT_OBJC_MSGSEND = YES;
				ENABLE_TESTABILITY = YES;
				GCC_C_LANGUAGE_STANDARD = gnu11;
				GCC_DYNAMIC_NO_PIC = NO;
				GCC_NO_COMMON_BLOCKS = YES;
				GCC_OPTIMIZATION_LEVEL = 0;
				GCC_PREPROCESSOR_DEFINITIONS = (
					"DEBUG=1",
					"$(inherited)",
				);
				GCC_WARN_64_TO_32_BIT_CONVERSION = YES;
				GCC_WARN_ABOUT_RETURN_TYPE = YES_ERROR;
				GCC_WARN_UNDECLARED_SELECTOR = YES;
				GCC_WARN_UNINITIALIZED_AUTOS = YES_AGGRESSIVE;
				GCC_WARN_UNUSED_FUNCTION = YES;
				GCC_WARN_UNUSED_VARIABLE = YES;
				IPHONEOS_DEPLOYMENT_TARGET = 12.2;
				MTL_ENABLE_DEBUG_INFO = INCLUDE_SOURCE;
				MTL_FAST_MATH = YES;
				ONLY_ACTIVE_ARCH = YES;
				SDKROOT = iphoneos;
				SWIFT_ACTIVE_COMPILATION_CONDITIONS = DEBUG;
				SWIFT_OPTIMIZATION_LEVEL = "-Onone";
			};
			name = Debug;
		};
		A714960822F8819E00B4450F /* Release */ = {
			isa = XCBuildConfiguration;
			buildSettings = {
				ALWAYS_SEARCH_USER_PATHS = NO;
				CLANG_ANALYZER_NONNULL = YES;
				CLANG_ANALYZER_NUMBER_OBJECT_CONVERSION = YES_AGGRESSIVE;
				CLANG_CXX_LANGUAGE_STANDARD = "gnu++14";
				CLANG_CXX_LIBRARY = "libc++";
				CLANG_ENABLE_MODULES = YES;
				CLANG_ENABLE_OBJC_ARC = YES;
				CLANG_ENABLE_OBJC_WEAK = YES;
				CLANG_WARN_BLOCK_CAPTURE_AUTORELEASING = YES;
				CLANG_WARN_BOOL_CONVERSION = YES;
				CLANG_WARN_COMMA = YES;
				CLANG_WARN_CONSTANT_CONVERSION = YES;
				CLANG_WARN_DEPRECATED_OBJC_IMPLEMENTATIONS = YES;
				CLANG_WARN_DIRECT_OBJC_ISA_USAGE = YES_ERROR;
				CLANG_WARN_DOCUMENTATION_COMMENTS = YES;
				CLANG_WARN_EMPTY_BODY = YES;
				CLANG_WARN_ENUM_CONVERSION = YES;
				CLANG_WARN_INFINITE_RECURSION = YES;
				CLANG_WARN_INT_CONVERSION = YES;
				CLANG_WARN_NON_LITERAL_NULL_CONVERSION = YES;
				CLANG_WARN_OBJC_IMPLICIT_RETAIN_SELF = YES;
				CLANG_WARN_OBJC_LITERAL_CONVERSION = YES;
				CLANG_WARN_OBJC_ROOT_CLASS = YES_ERROR;
				CLANG_WARN_RANGE_LOOP_ANALYSIS = YES;
				CLANG_WARN_STRICT_PROTOTYPES = YES;
				CLANG_WARN_SUSPICIOUS_MOVE = YES;
				CLANG_WARN_UNGUARDED_AVAILABILITY = YES_AGGRESSIVE;
				CLANG_WARN_UNREACHABLE_CODE = YES;
				CLANG_WARN__DUPLICATE_METHOD_MATCH = YES;
				CODE_SIGN_IDENTITY = "iPhone Developer";
				COPY_PHASE_STRIP = NO;
				DEBUG_INFORMATION_FORMAT = "dwarf-with-dsym";
				ENABLE_NS_ASSERTIONS = NO;
				ENABLE_STRICT_OBJC_MSGSEND = YES;
				GCC_C_LANGUAGE_STANDARD = gnu11;
				GCC_NO_COMMON_BLOCKS = YES;
				GCC_WARN_64_TO_32_BIT_CONVERSION = YES;
				GCC_WARN_ABOUT_RETURN_TYPE = YES_ERROR;
				GCC_WARN_UNDECLARED_SELECTOR = YES;
				GCC_WARN_UNINITIALIZED_AUTOS = YES_AGGRESSIVE;
				GCC_WARN_UNUSED_FUNCTION = YES;
				GCC_WARN_UNUSED_VARIABLE = YES;
				IPHONEOS_DEPLOYMENT_TARGET = 12.2;
				MTL_ENABLE_DEBUG_INFO = NO;
				MTL_FAST_MATH = YES;
				SDKROOT = iphoneos;
				SWIFT_COMPILATION_MODE = wholemodule;
				SWIFT_OPTIMIZATION_LEVEL = "-O";
				VALIDATE_PRODUCT = YES;
			};
			name = Release;
		};
		A714960A22F8819E00B4450F /* Debug */ = {
			isa = XCBuildConfiguration;
			buildSettings = {
				ASSETCATALOG_COMPILER_APPICON_NAME = AppIcon;
				CODE_SIGN_STYLE = Automatic;
				DEVELOPMENT_TEAM = 49SA3PV5N8;
				INFOPLIST_FILE = Sync.Money/Info.plist;
				LD_RUNPATH_SEARCH_PATHS = (
					"$(inherited)",
					"@executable_path/Frameworks",
				);
				PRODUCT_BUNDLE_IDENTIFIER = "pablo.ortiz.rodriguez.com.Sync-Money";
				PRODUCT_NAME = "$(TARGET_NAME)";
				SWIFT_VERSION = 5.0;
				TARGETED_DEVICE_FAMILY = "1,2";
			};
			name = Debug;
		};
		A714960B22F8819E00B4450F /* Release */ = {
			isa = XCBuildConfiguration;
			buildSettings = {
				ASSETCATALOG_COMPILER_APPICON_NAME = AppIcon;
				CODE_SIGN_STYLE = Automatic;
				DEVELOPMENT_TEAM = 49SA3PV5N8;
				INFOPLIST_FILE = Sync.Money/Info.plist;
				LD_RUNPATH_SEARCH_PATHS = (
					"$(inherited)",
					"@executable_path/Frameworks",
				);
				PRODUCT_BUNDLE_IDENTIFIER = "pablo.ortiz.rodriguez.com.Sync-Money";
				PRODUCT_NAME = "$(TARGET_NAME)";
				SWIFT_VERSION = 5.0;
				TARGETED_DEVICE_FAMILY = "1,2";
			};
			name = Release;
		};
		A714960D22F8819E00B4450F /* Debug */ = {
			isa = XCBuildConfiguration;
			buildSettings = {
				ALWAYS_EMBED_SWIFT_STANDARD_LIBRARIES = YES;
				BUNDLE_LOADER = "$(TEST_HOST)";
				CODE_SIGN_STYLE = Automatic;
				DEVELOPMENT_TEAM = 49SA3PV5N8;
				INFOPLIST_FILE = Sync.MoneyTests/Info.plist;
				LD_RUNPATH_SEARCH_PATHS = (
					"$(inherited)",
					"@executable_path/Frameworks",
					"@loader_path/Frameworks",
				);
				PRODUCT_BUNDLE_IDENTIFIER = "pablo.ortiz.rodriguez.com.Sync-MoneyTests";
				PRODUCT_NAME = "$(TARGET_NAME)";
				SWIFT_VERSION = 5.0;
				TARGETED_DEVICE_FAMILY = "1,2";
				TEST_HOST = "$(BUILT_PRODUCTS_DIR)/Sync.Money.app/Sync.Money";
			};
			name = Debug;
		};
		A714960E22F8819E00B4450F /* Release */ = {
			isa = XCBuildConfiguration;
			buildSettings = {
				ALWAYS_EMBED_SWIFT_STANDARD_LIBRARIES = YES;
				BUNDLE_LOADER = "$(TEST_HOST)";
				CODE_SIGN_STYLE = Automatic;
				DEVELOPMENT_TEAM = 49SA3PV5N8;
				INFOPLIST_FILE = Sync.MoneyTests/Info.plist;
				LD_RUNPATH_SEARCH_PATHS = (
					"$(inherited)",
					"@executable_path/Frameworks",
					"@loader_path/Frameworks",
				);
				PRODUCT_BUNDLE_IDENTIFIER = "pablo.ortiz.rodriguez.com.Sync-MoneyTests";
				PRODUCT_NAME = "$(TARGET_NAME)";
				SWIFT_VERSION = 5.0;
				TARGETED_DEVICE_FAMILY = "1,2";
				TEST_HOST = "$(BUILT_PRODUCTS_DIR)/Sync.Money.app/Sync.Money";
			};
			name = Release;
		};
		A714961022F8819E00B4450F /* Debug */ = {
			isa = XCBuildConfiguration;
			buildSettings = {
				ALWAYS_EMBED_SWIFT_STANDARD_LIBRARIES = YES;
				CODE_SIGN_STYLE = Automatic;
				DEVELOPMENT_TEAM = 49SA3PV5N8;
				INFOPLIST_FILE = Sync.MoneyUITests/Info.plist;
				LD_RUNPATH_SEARCH_PATHS = (
					"$(inherited)",
					"@executable_path/Frameworks",
					"@loader_path/Frameworks",
				);
				PRODUCT_BUNDLE_IDENTIFIER = "pablo.ortiz.rodriguez.com.Sync-MoneyUITests";
				PRODUCT_NAME = "$(TARGET_NAME)";
				SWIFT_VERSION = 5.0;
				TARGETED_DEVICE_FAMILY = "1,2";
				TEST_TARGET_NAME = Sync.Money;
			};
			name = Debug;
		};
		A714961122F8819E00B4450F /* Release */ = {
			isa = XCBuildConfiguration;
			buildSettings = {
				ALWAYS_EMBED_SWIFT_STANDARD_LIBRARIES = YES;
				CODE_SIGN_STYLE = Automatic;
				DEVELOPMENT_TEAM = 49SA3PV5N8;
				INFOPLIST_FILE = Sync.MoneyUITests/Info.plist;
				LD_RUNPATH_SEARCH_PATHS = (
					"$(inherited)",
					"@executable_path/Frameworks",
					"@loader_path/Frameworks",
				);
				PRODUCT_BUNDLE_IDENTIFIER = "pablo.ortiz.rodriguez.com.Sync-MoneyUITests";
				PRODUCT_NAME = "$(TARGET_NAME)";
				SWIFT_VERSION = 5.0;
				TARGETED_DEVICE_FAMILY = "1,2";
				TEST_TARGET_NAME = Sync.Money;
			};
			name = Release;
		};
/* End XCBuildConfiguration section */

/* Begin XCConfigurationList section */
		A71495DC22F8819D00B4450F /* Build configuration list for PBXProject "Sync.Money" */ = {
			isa = XCConfigurationList;
			buildConfigurations = (
				A714960722F8819E00B4450F /* Debug */,
				A714960822F8819E00B4450F /* Release */,
			);
			defaultConfigurationIsVisible = 0;
			defaultConfigurationName = Release;
		};
		A714960922F8819E00B4450F /* Build configuration list for PBXNativeTarget "Sync.Money" */ = {
			isa = XCConfigurationList;
			buildConfigurations = (
				A714960A22F8819E00B4450F /* Debug */,
				A714960B22F8819E00B4450F /* Release */,
			);
			defaultConfigurationIsVisible = 0;
			defaultConfigurationName = Release;
		};
		A714960C22F8819E00B4450F /* Build configuration list for PBXNativeTarget "Sync.MoneyTests" */ = {
			isa = XCConfigurationList;
			buildConfigurations = (
				A714960D22F8819E00B4450F /* Debug */,
				A714960E22F8819E00B4450F /* Release */,
			);
			defaultConfigurationIsVisible = 0;
			defaultConfigurationName = Release;
		};
		A714960F22F8819E00B4450F /* Build configuration list for PBXNativeTarget "Sync.MoneyUITests" */ = {
			isa = XCConfigurationList;
			buildConfigurations = (
				A714961022F8819E00B4450F /* Debug */,
				A714961122F8819E00B4450F /* Release */,
			);
			defaultConfigurationIsVisible = 0;
			defaultConfigurationName = Release;
		};
/* End XCConfigurationList section */
	};
	rootObject = A71495D922F8819D00B4450F /* Project object */;
}
